
Microsoft Visual Studio Solution File, Format Version 12.00
# Visual Studio Version 17
VisualStudioVersion = 17.0.31903.59
MinimumVisualStudioVersion = 10.0.40219.1
Project("{2150E333-8FDC-42A3-9474-1A3956D46DE8}") = "Libs", "Libs", "{787162B5-FB72-4655-B103-969ABD7A8261}"
EndProject
Project("{9A19103F-16F7-4668-BE54-9A1E7A4F7556}") = "Luthetus.Common.RazorLib", "..\..\Luthetus.Common\Source\Lib\Luthetus.Common.RazorLib\Luthetus.Common.RazorLib.csproj", "{9061330A-ABDC-4999-9B51-E7B7E19D654C}"
EndProject
Project("{9A19103F-16F7-4668-BE54-9A1E7A4F7556}") = "Luthetus.TextEditor.RazorLib", "..\..\Luthetus.TextEditor\Source\Lib\Luthetus.TextEditor.RazorLib\Luthetus.TextEditor.RazorLib.csproj", "{5504FC02-FA1B-46DF-B6FA-25B363E50263}"
EndProject
Project("{9A19103F-16F7-4668-BE54-9A1E7A4F7556}") = "Luthetus.Ide.RazorLib", "..\..\Luthetus.Ide\Source\Lib\Luthetus.Ide.RazorLib\Luthetus.Ide.RazorLib.csproj", "{128BD17C-8D7A-4CDC-9D2F-8DAF9E5C99AC}"
EndProject
Project("{2150E333-8FDC-42A3-9474-1A3956D46DE8}") = "Luthetus.Common", "Luthetus.Common", "{8F15D57B-A808-4B20-8CA0-239D91F562BA}"
EndProject
Project("{2150E333-8FDC-42A3-9474-1A3956D46DE8}") = "Luthetus.Ide", "Luthetus.Ide", "{68F343ED-2E47-4AEA-930D-445C83B08D9A}"
EndProject
Project("{2150E333-8FDC-42A3-9474-1A3956D46DE8}") = "Luthetus.TextEditor", "Luthetus.TextEditor", "{30DFD93C-D447-4D6F-9E34-2BC967366924}"
EndProject
Project("{9A19103F-16F7-4668-BE54-9A1E7A4F7556}") = "Luthetus.Common.Tests", "..\..\Luthetus.Common\Source\Tests\Luthetus.Common.Tests\Luthetus.Common.Tests.csproj", "{AD067B8D-5256-4610-980B-BBDACD70ADE2}"
EndProject
Project("{9A19103F-16F7-4668-BE54-9A1E7A4F7556}") = "Luthetus.Ide.Photino", "..\..\Luthetus.Ide\Source\Host\Luthetus.Ide.Photino\Luthetus.Ide.Photino.csproj", "{41F326D0-0777-46D7-9315-82CD0A6296E5}"
EndProject
Project("{9A19103F-16F7-4668-BE54-9A1E7A4F7556}") = "Photino.Blazor", "..\..\Luthetus.Ide\Source\Host\Photino.Blazor\Photino.Blazor\Photino.Blazor.csproj", "{91E0E692-92C6-4F86-8706-2F1BBDD6D289}"
EndProject
Project("{9A19103F-16F7-4668-BE54-9A1E7A4F7556}") = "Luthetus.Ide.Tests", "..\..\Luthetus.Ide\Source\Tests\Luthetus.Ide.Tests\Luthetus.Ide.Tests.csproj", "{3573546D-C3CF-48EB-8E6D-CEF342995CA9}"
EndProject
Project("{9A19103F-16F7-4668-BE54-9A1E7A4F7556}") = "Luthetus.TextEditor.Tests", "..\..\Luthetus.TextEditor\Source\Tests\Luthetus.TextEditor.Tests\Luthetus.TextEditor.Tests.csproj", "{EA9824AA-EEEF-443E-9090-8191BF2C40E9}"
EndProject
Project("{2150E333-8FDC-42A3-9474-1A3956D46DE8}") = "Hosts", "Hosts", "{00917FBC-A62D-4399-A2C9-2873135D9286}"
EndProject
Project("{2150E333-8FDC-42A3-9474-1A3956D46DE8}") = "Luthetus.CompilerServices", "Luthetus.CompilerServices", "{6F8067B0-4451-43B2-AF2F-ABFE4099B89E}"
EndProject
Project("{9A19103F-16F7-4668-BE54-9A1E7A4F7556}") = "Luthetus.CompilerServices.Lang.CSharp", "..\..\Luthetus.CompilerServices\Source\CSharp\Source\Luthetus.CompilerServices.Lang.CSharp.csproj", "{35F3FF01-C104-421B-B96E-770F5D74578A}"
EndProject
Project("{9A19103F-16F7-4668-BE54-9A1E7A4F7556}") = "Luthetus.CompilerServices.Lang.Css", "..\..\Luthetus.CompilerServices\Source\Css\Source\Luthetus.CompilerServices.Lang.Css.csproj", "{5D70B486-A869-4F76-B0DB-93D112320EDC}"
EndProject
Project("{9A19103F-16F7-4668-BE54-9A1E7A4F7556}") = "Luthetus.CompilerServices.Lang.C", "..\..\Luthetus.CompilerServices\Source\C\Source\Luthetus.CompilerServices.Lang.C.csproj", "{A83A0423-05A9-481D-BA38-4893E5828B9B}"
EndProject
Project("{9A19103F-16F7-4668-BE54-9A1E7A4F7556}") = "Luthetus.CompilerServices.Lang.Razor", "..\..\Luthetus.CompilerServices\Source\Razor\Source\Luthetus.CompilerServices.Lang.Razor.csproj", "{CCF34184-51A1-4D9D-A1EE-21FAF147A4BE}"
EndProject
Project("{9A19103F-16F7-4668-BE54-9A1E7A4F7556}") = "Luthetus.CompilerServices.Lang.TypeScript", "..\..\Luthetus.CompilerServices\Source\TypeScript\Source\Luthetus.CompilerServices.Lang.TypeScript.csproj", "{813BADB3-47EA-4F62-80C6-304B0F35AC9A}"
EndProject
Project("{9A19103F-16F7-4668-BE54-9A1E7A4F7556}") = "Luthetus.CompilerServices.Lang.JavaScript", "..\..\Luthetus.CompilerServices\Source\JavaScript\Source\Luthetus.CompilerServices.Lang.JavaScript.csproj", "{B9665683-81E4-49B5-A2CA-71BBC39C207F}"
EndProject
Project("{9A19103F-16F7-4668-BE54-9A1E7A4F7556}") = "Luthetus.CompilerServices.Lang.Json", "..\..\Luthetus.CompilerServices\Source\Json\Source\Luthetus.CompilerServices.Lang.Json.csproj", "{4734D16D-D54F-457C-8AF4-5F0525808D2A}"
EndProject
Project("{9A19103F-16F7-4668-BE54-9A1E7A4F7556}") = "Luthetus.CompilerServices.Lang.Xml", "..\..\Luthetus.CompilerServices\Source\Xml\Source\Luthetus.CompilerServices.Lang.Xml.csproj", "{A0C76007-2A1C-4E20-80FD-5120F91E353C}"
EndProject
Project("{2150E333-8FDC-42A3-9474-1A3956D46DE8}") = "C", "C", "{75F252A0-DEA4-4A18-936C-4D01492FF3A3}"
EndProject
Project("{2150E333-8FDC-42A3-9474-1A3956D46DE8}") = "CSharp", "CSharp", "{561458A6-0211-4BFD-B5BA-B40271E6755C}"
EndProject
Project("{2150E333-8FDC-42A3-9474-1A3956D46DE8}") = "Css", "Css", "{B59671B9-BC93-4FD8-A252-DABB0E5BA339}"
EndProject
Project("{2150E333-8FDC-42A3-9474-1A3956D46DE8}") = "JavaScript", "JavaScript", "{5BD60A44-B2FA-497C-8B4C-8CC8E04B86EB}"
EndProject
Project("{2150E333-8FDC-42A3-9474-1A3956D46DE8}") = "Json", "Json", "{D2AC71A4-1F47-4A21-B0D1-C2A1AAB59D38}"
EndProject
Project("{2150E333-8FDC-42A3-9474-1A3956D46DE8}") = "Razor", "Razor", "{433A4B28-9E33-414E-8C14-FA08B92786DE}"
EndProject
Project("{2150E333-8FDC-42A3-9474-1A3956D46DE8}") = "TypeScript", "TypeScript", "{C18873E1-8471-4263-802D-EEEC8E6E17B3}"
EndProject
Project("{2150E333-8FDC-42A3-9474-1A3956D46DE8}") = "Xml", "Xml", "{0567677F-F75A-4977-B05C-50FCB289D117}"
EndProject
Project("{9A19103F-16F7-4668-BE54-9A1E7A4F7556}") = "Luthetus.CompilerServices.Lang.C.Tests", "..\..\Luthetus.CompilerServices\Source\C\Tests\Luthetus.CompilerServices.Lang.C.Tests.csproj", "{F7E02D50-1929-4C56-B51A-650FF3E3BE93}"
EndProject
Project("{9A19103F-16F7-4668-BE54-9A1E7A4F7556}") = "Luthetus.CompilerServices.Lang.CSharp.Tests", "..\..\Luthetus.CompilerServices\Source\CSharp\Tests\Luthetus.CompilerServices.Lang.CSharp.Tests.csproj", "{19C8CDC8-F8E9-482B-AC26-2B30EF19E728}"
EndProject
Project("{9A19103F-16F7-4668-BE54-9A1E7A4F7556}") = "Luthetus.CompilerServices.Lang.Css.Tests", "..\..\Luthetus.CompilerServices\Source\Css\Tests\Luthetus.CompilerServices.Lang.Css.Tests.csproj", "{E0139933-71A6-4235-A223-91516C30262F}"
EndProject
Project("{9A19103F-16F7-4668-BE54-9A1E7A4F7556}") = "Luthetus.CompilerServices.Lang.JavaScript.Tests", "..\..\Luthetus.CompilerServices\Source\JavaScript\Tests\Luthetus.CompilerServices.Lang.JavaScript.Tests.csproj", "{A6F747D0-7850-4C35-A729-C237FE90E4CE}"
EndProject
Project("{9A19103F-16F7-4668-BE54-9A1E7A4F7556}") = "Luthetus.CompilerServices.Lang.Json.Tests", "..\..\Luthetus.CompilerServices\Source\Json\Tests\Luthetus.CompilerServices.Lang.Json.Tests.csproj", "{234A59FD-D6F1-4DB3-9DA5-FB6F0DBEC4EA}"
EndProject
Project("{9A19103F-16F7-4668-BE54-9A1E7A4F7556}") = "Luthetus.CompilerServices.Lang.Razor.Tests", "..\..\Luthetus.CompilerServices\Source\Razor\Tests\Luthetus.CompilerServices.Lang.Razor.Tests.csproj", "{AAA1794D-1426-48D9-A840-3D99B13CBCF6}"
EndProject
Project("{9A19103F-16F7-4668-BE54-9A1E7A4F7556}") = "Luthetus.CompilerServices.Lang.TypeScript.Tests", "..\..\Luthetus.CompilerServices\Source\TypeScript\Tests\Luthetus.CompilerServices.Lang.TypeScript.Tests.csproj", "{17466B92-EF99-44AC-86D0-0A6B8C3A8708}"
EndProject
Project("{9A19103F-16F7-4668-BE54-9A1E7A4F7556}") = "Luthetus.CompilerServices.Lang.Xml.Tests", "..\..\Luthetus.CompilerServices\Source\Xml\Tests\Luthetus.CompilerServices.Lang.Xml.Tests.csproj", "{D3D89854-33A3-4C52-910F-3F250D42781A}"
EndProject
Project("{2150E333-8FDC-42A3-9474-1A3956D46DE8}") = "FSharp", "FSharp", "{222DA4F3-F758-4918-A191-D45CE9794AB1}"
EndProject
Project("{9A19103F-16F7-4668-BE54-9A1E7A4F7556}") = "Luthetus.CompilerServices.Lang.FSharp", "..\..\Luthetus.CompilerServices\Source\FSharp\Source\Luthetus.CompilerServices.Lang.FSharp.csproj", "{49D6742A-8E66-463E-8142-24314AF35BCA}"
EndProject
Project("{9A19103F-16F7-4668-BE54-9A1E7A4F7556}") = "Luthetus.CompilerServices.Lang.FSharp.Tests", "..\..\Luthetus.CompilerServices\Source\FSharp\Tests\Luthetus.CompilerServices.Lang.FSharp.Tests.csproj", "{3AB61E6F-4CA7-4E43-AC7F-691CCBA1981E}"
EndProject
Project("{2150E333-8FDC-42A3-9474-1A3956D46DE8}") = "DotNetSolution", "DotNetSolution", "{F80D9DB1-47A6-434A-930F-13066EA5562B}"
EndProject
Project("{9A19103F-16F7-4668-BE54-9A1E7A4F7556}") = "Luthetus.CompilerServices.Lang.DotNetSolution", "..\..\Luthetus.CompilerServices\Source\DotNetSolution\Source\Luthetus.CompilerServices.Lang.DotNetSolution.csproj", "{6C2F5AB1-1850-4229-9CA0-AA93D4FCA9D6}"
EndProject
Project("{9A19103F-16F7-4668-BE54-9A1E7A4F7556}") = "Luthetus.CompilerServices.Lang.DotNetSolution.Tests", "..\..\Luthetus.CompilerServices\Source\DotNetSolution\Tests\Luthetus.CompilerServices.Lang.DotNetSolution.Tests.csproj", "{4FDC84E5-266F-4D48-9B13-6FC91E9B51A7}"
EndProject
Project("{2150E333-8FDC-42A3-9474-1A3956D46DE8}") = "CSharpProject", "CSharpProject", "{21D4714C-77BE-4EF7-8D52-F6E10D63B92E}"
EndProject
Project("{9A19103F-16F7-4668-BE54-9A1E7A4F7556}") = "Luthetus.CompilerServices.Lang.CSharpProject", "..\..\Luthetus.CompilerServices\Source\CSharpProject\Source\Luthetus.CompilerServices.Lang.CSharpProject.csproj", "{9B8C6875-CAE1-464C-B02A-C48DBE3A5C02}"
EndProject
Project("{9A19103F-16F7-4668-BE54-9A1E7A4F7556}") = "Luthetus.CompilerServices.Lang.CSharpProject.Tests", "..\..\Luthetus.CompilerServices\Source\CSharpProject\Tests\Luthetus.CompilerServices.Lang.CSharpProject.Tests.csproj", "{0276A92A-C717-4B32-97F9-3344262717FD}"
EndProject
Project("{9A19103F-16F7-4668-BE54-9A1E7A4F7556}") = "Luthetus.Ide.Wasm", "Host\Luthetus.Ide.Wasm\Luthetus.Ide.Wasm.csproj", "{13403AD5-D5E0-4E7F-ADB7-A1473458513B}"
EndProject
Project("{9A19103F-16F7-4668-BE54-9A1E7A4F7556}") = "Luthetus.Ide.ServerSide", "Host\Luthetus.Ide.ServerSide\Luthetus.Ide.ServerSide.csproj", "{713CB040-7C9F-493B-8795-0CB30B08439D}"
EndProject
Project("{2150E333-8FDC-42A3-9474-1A3956D46DE8}") = "Luthetus.Website", "Luthetus.Website", "{038DC9C5-D247-4A6B-8C1F-0C9FC1C686EB}"
EndProject
Project("{9A19103F-16F7-4668-BE54-9A1E7A4F7556}") = "Luthetus.Website.RazorLib", "Lib\Luthetus.Website.RazorLib\Luthetus.Website.RazorLib.csproj", "{7B3625D0-EBDC-4C5B-B4F5-DCD8D8605725}"
EndProject
Global
	GlobalSection(SolutionConfigurationPlatforms) = preSolution
		Debug|Any CPU = Debug|Any CPU
		Release|Any CPU = Release|Any CPU
	EndGlobalSection
	GlobalSection(ProjectConfigurationPlatforms) = postSolution
		{9061330A-ABDC-4999-9B51-E7B7E19D654C}.Debug|Any CPU.ActiveCfg = Debug|Any CPU
		{9061330A-ABDC-4999-9B51-E7B7E19D654C}.Debug|Any CPU.Build.0 = Debug|Any CPU
		{9061330A-ABDC-4999-9B51-E7B7E19D654C}.Release|Any CPU.ActiveCfg = Release|Any CPU
		{9061330A-ABDC-4999-9B51-E7B7E19D654C}.Release|Any CPU.Build.0 = Release|Any CPU
		{5504FC02-FA1B-46DF-B6FA-25B363E50263}.Debug|Any CPU.ActiveCfg = Debug|Any CPU
		{5504FC02-FA1B-46DF-B6FA-25B363E50263}.Debug|Any CPU.Build.0 = Debug|Any CPU
		{5504FC02-FA1B-46DF-B6FA-25B363E50263}.Release|Any CPU.ActiveCfg = Release|Any CPU
		{5504FC02-FA1B-46DF-B6FA-25B363E50263}.Release|Any CPU.Build.0 = Release|Any CPU
		{128BD17C-8D7A-4CDC-9D2F-8DAF9E5C99AC}.Debug|Any CPU.ActiveCfg = Debug|Any CPU
		{128BD17C-8D7A-4CDC-9D2F-8DAF9E5C99AC}.Debug|Any CPU.Build.0 = Debug|Any CPU
		{128BD17C-8D7A-4CDC-9D2F-8DAF9E5C99AC}.Release|Any CPU.ActiveCfg = Release|Any CPU
		{128BD17C-8D7A-4CDC-9D2F-8DAF9E5C99AC}.Release|Any CPU.Build.0 = Release|Any CPU
		{AD067B8D-5256-4610-980B-BBDACD70ADE2}.Debug|Any CPU.ActiveCfg = Debug|Any CPU
		{AD067B8D-5256-4610-980B-BBDACD70ADE2}.Debug|Any CPU.Build.0 = Debug|Any CPU
		{AD067B8D-5256-4610-980B-BBDACD70ADE2}.Release|Any CPU.ActiveCfg = Release|Any CPU
		{AD067B8D-5256-4610-980B-BBDACD70ADE2}.Release|Any CPU.Build.0 = Release|Any CPU
		{41F326D0-0777-46D7-9315-82CD0A6296E5}.Debug|Any CPU.ActiveCfg = Debug|Any CPU
		{41F326D0-0777-46D7-9315-82CD0A6296E5}.Debug|Any CPU.Build.0 = Debug|Any CPU
		{41F326D0-0777-46D7-9315-82CD0A6296E5}.Release|Any CPU.ActiveCfg = Release|Any CPU
		{41F326D0-0777-46D7-9315-82CD0A6296E5}.Release|Any CPU.Build.0 = Release|Any CPU
		{91E0E692-92C6-4F86-8706-2F1BBDD6D289}.Debug|Any CPU.ActiveCfg = Debug|Any CPU
		{91E0E692-92C6-4F86-8706-2F1BBDD6D289}.Debug|Any CPU.Build.0 = Debug|Any CPU
		{91E0E692-92C6-4F86-8706-2F1BBDD6D289}.Release|Any CPU.ActiveCfg = Release|Any CPU
		{91E0E692-92C6-4F86-8706-2F1BBDD6D289}.Release|Any CPU.Build.0 = Release|Any CPU
		{3573546D-C3CF-48EB-8E6D-CEF342995CA9}.Debug|Any CPU.ActiveCfg = Debug|Any CPU
		{3573546D-C3CF-48EB-8E6D-CEF342995CA9}.Debug|Any CPU.Build.0 = Debug|Any CPU
		{3573546D-C3CF-48EB-8E6D-CEF342995CA9}.Release|Any CPU.ActiveCfg = Release|Any CPU
		{3573546D-C3CF-48EB-8E6D-CEF342995CA9}.Release|Any CPU.Build.0 = Release|Any CPU
		{EA9824AA-EEEF-443E-9090-8191BF2C40E9}.Debug|Any CPU.ActiveCfg = Debug|Any CPU
		{EA9824AA-EEEF-443E-9090-8191BF2C40E9}.Debug|Any CPU.Build.0 = Debug|Any CPU
		{EA9824AA-EEEF-443E-9090-8191BF2C40E9}.Release|Any CPU.ActiveCfg = Release|Any CPU
		{EA9824AA-EEEF-443E-9090-8191BF2C40E9}.Release|Any CPU.Build.0 = Release|Any CPU
		{35F3FF01-C104-421B-B96E-770F5D74578A}.Debug|Any CPU.ActiveCfg = Debug|Any CPU
		{35F3FF01-C104-421B-B96E-770F5D74578A}.Debug|Any CPU.Build.0 = Debug|Any CPU
		{35F3FF01-C104-421B-B96E-770F5D74578A}.Release|Any CPU.ActiveCfg = Release|Any CPU
		{35F3FF01-C104-421B-B96E-770F5D74578A}.Release|Any CPU.Build.0 = Release|Any CPU
		{5D70B486-A869-4F76-B0DB-93D112320EDC}.Debug|Any CPU.ActiveCfg = Debug|Any CPU
		{5D70B486-A869-4F76-B0DB-93D112320EDC}.Debug|Any CPU.Build.0 = Debug|Any CPU
		{5D70B486-A869-4F76-B0DB-93D112320EDC}.Release|Any CPU.ActiveCfg = Release|Any CPU
		{5D70B486-A869-4F76-B0DB-93D112320EDC}.Release|Any CPU.Build.0 = Release|Any CPU
		{A83A0423-05A9-481D-BA38-4893E5828B9B}.Debug|Any CPU.ActiveCfg = Debug|Any CPU
		{A83A0423-05A9-481D-BA38-4893E5828B9B}.Debug|Any CPU.Build.0 = Debug|Any CPU
		{A83A0423-05A9-481D-BA38-4893E5828B9B}.Release|Any CPU.ActiveCfg = Release|Any CPU
		{A83A0423-05A9-481D-BA38-4893E5828B9B}.Release|Any CPU.Build.0 = Release|Any CPU
		{CCF34184-51A1-4D9D-A1EE-21FAF147A4BE}.Debug|Any CPU.ActiveCfg = Debug|Any CPU
		{CCF34184-51A1-4D9D-A1EE-21FAF147A4BE}.Debug|Any CPU.Build.0 = Debug|Any CPU
		{CCF34184-51A1-4D9D-A1EE-21FAF147A4BE}.Release|Any CPU.ActiveCfg = Release|Any CPU
		{CCF34184-51A1-4D9D-A1EE-21FAF147A4BE}.Release|Any CPU.Build.0 = Release|Any CPU
		{813BADB3-47EA-4F62-80C6-304B0F35AC9A}.Debug|Any CPU.ActiveCfg = Debug|Any CPU
		{813BADB3-47EA-4F62-80C6-304B0F35AC9A}.Debug|Any CPU.Build.0 = Debug|Any CPU
		{813BADB3-47EA-4F62-80C6-304B0F35AC9A}.Release|Any CPU.ActiveCfg = Release|Any CPU
		{813BADB3-47EA-4F62-80C6-304B0F35AC9A}.Release|Any CPU.Build.0 = Release|Any CPU
		{B9665683-81E4-49B5-A2CA-71BBC39C207F}.Debug|Any CPU.ActiveCfg = Debug|Any CPU
		{B9665683-81E4-49B5-A2CA-71BBC39C207F}.Debug|Any CPU.Build.0 = Debug|Any CPU
		{B9665683-81E4-49B5-A2CA-71BBC39C207F}.Release|Any CPU.ActiveCfg = Release|Any CPU
		{B9665683-81E4-49B5-A2CA-71BBC39C207F}.Release|Any CPU.Build.0 = Release|Any CPU
		{4734D16D-D54F-457C-8AF4-5F0525808D2A}.Debug|Any CPU.ActiveCfg = Debug|Any CPU
		{4734D16D-D54F-457C-8AF4-5F0525808D2A}.Debug|Any CPU.Build.0 = Debug|Any CPU
		{4734D16D-D54F-457C-8AF4-5F0525808D2A}.Release|Any CPU.ActiveCfg = Release|Any CPU
		{4734D16D-D54F-457C-8AF4-5F0525808D2A}.Release|Any CPU.Build.0 = Release|Any CPU
		{A0C76007-2A1C-4E20-80FD-5120F91E353C}.Debug|Any CPU.ActiveCfg = Debug|Any CPU
		{A0C76007-2A1C-4E20-80FD-5120F91E353C}.Debug|Any CPU.Build.0 = Debug|Any CPU
		{A0C76007-2A1C-4E20-80FD-5120F91E353C}.Release|Any CPU.ActiveCfg = Release|Any CPU
		{A0C76007-2A1C-4E20-80FD-5120F91E353C}.Release|Any CPU.Build.0 = Release|Any CPU
		{F7E02D50-1929-4C56-B51A-650FF3E3BE93}.Debug|Any CPU.ActiveCfg = Debug|Any CPU
		{F7E02D50-1929-4C56-B51A-650FF3E3BE93}.Debug|Any CPU.Build.0 = Debug|Any CPU
		{F7E02D50-1929-4C56-B51A-650FF3E3BE93}.Release|Any CPU.ActiveCfg = Release|Any CPU
		{F7E02D50-1929-4C56-B51A-650FF3E3BE93}.Release|Any CPU.Build.0 = Release|Any CPU
		{19C8CDC8-F8E9-482B-AC26-2B30EF19E728}.Debug|Any CPU.ActiveCfg = Debug|Any CPU
		{19C8CDC8-F8E9-482B-AC26-2B30EF19E728}.Debug|Any CPU.Build.0 = Debug|Any CPU
		{19C8CDC8-F8E9-482B-AC26-2B30EF19E728}.Release|Any CPU.ActiveCfg = Release|Any CPU
		{19C8CDC8-F8E9-482B-AC26-2B30EF19E728}.Release|Any CPU.Build.0 = Release|Any CPU
		{E0139933-71A6-4235-A223-91516C30262F}.Debug|Any CPU.ActiveCfg = Debug|Any CPU
		{E0139933-71A6-4235-A223-91516C30262F}.Debug|Any CPU.Build.0 = Debug|Any CPU
		{E0139933-71A6-4235-A223-91516C30262F}.Release|Any CPU.ActiveCfg = Release|Any CPU
		{E0139933-71A6-4235-A223-91516C30262F}.Release|Any CPU.Build.0 = Release|Any CPU
		{A6F747D0-7850-4C35-A729-C237FE90E4CE}.Debug|Any CPU.ActiveCfg = Debug|Any CPU
		{A6F747D0-7850-4C35-A729-C237FE90E4CE}.Debug|Any CPU.Build.0 = Debug|Any CPU
		{A6F747D0-7850-4C35-A729-C237FE90E4CE}.Release|Any CPU.ActiveCfg = Release|Any CPU
		{A6F747D0-7850-4C35-A729-C237FE90E4CE}.Release|Any CPU.Build.0 = Release|Any CPU
		{234A59FD-D6F1-4DB3-9DA5-FB6F0DBEC4EA}.Debug|Any CPU.ActiveCfg = Debug|Any CPU
		{234A59FD-D6F1-4DB3-9DA5-FB6F0DBEC4EA}.Debug|Any CPU.Build.0 = Debug|Any CPU
		{234A59FD-D6F1-4DB3-9DA5-FB6F0DBEC4EA}.Release|Any CPU.ActiveCfg = Release|Any CPU
		{234A59FD-D6F1-4DB3-9DA5-FB6F0DBEC4EA}.Release|Any CPU.Build.0 = Release|Any CPU
		{AAA1794D-1426-48D9-A840-3D99B13CBCF6}.Debug|Any CPU.ActiveCfg = Debug|Any CPU
		{AAA1794D-1426-48D9-A840-3D99B13CBCF6}.Debug|Any CPU.Build.0 = Debug|Any CPU
		{AAA1794D-1426-48D9-A840-3D99B13CBCF6}.Release|Any CPU.ActiveCfg = Release|Any CPU
		{AAA1794D-1426-48D9-A840-3D99B13CBCF6}.Release|Any CPU.Build.0 = Release|Any CPU
		{17466B92-EF99-44AC-86D0-0A6B8C3A8708}.Debug|Any CPU.ActiveCfg = Debug|Any CPU
		{17466B92-EF99-44AC-86D0-0A6B8C3A8708}.Debug|Any CPU.Build.0 = Debug|Any CPU
		{17466B92-EF99-44AC-86D0-0A6B8C3A8708}.Release|Any CPU.ActiveCfg = Release|Any CPU
		{17466B92-EF99-44AC-86D0-0A6B8C3A8708}.Release|Any CPU.Build.0 = Release|Any CPU
		{D3D89854-33A3-4C52-910F-3F250D42781A}.Debug|Any CPU.ActiveCfg = Debug|Any CPU
		{D3D89854-33A3-4C52-910F-3F250D42781A}.Debug|Any CPU.Build.0 = Debug|Any CPU
		{D3D89854-33A3-4C52-910F-3F250D42781A}.Release|Any CPU.ActiveCfg = Release|Any CPU
		{D3D89854-33A3-4C52-910F-3F250D42781A}.Release|Any CPU.Build.0 = Release|Any CPU
		{49D6742A-8E66-463E-8142-24314AF35BCA}.Debug|Any CPU.ActiveCfg = Debug|Any CPU
		{49D6742A-8E66-463E-8142-24314AF35BCA}.Debug|Any CPU.Build.0 = Debug|Any CPU
		{49D6742A-8E66-463E-8142-24314AF35BCA}.Release|Any CPU.ActiveCfg = Release|Any CPU
		{49D6742A-8E66-463E-8142-24314AF35BCA}.Release|Any CPU.Build.0 = Release|Any CPU
		{3AB61E6F-4CA7-4E43-AC7F-691CCBA1981E}.Debug|Any CPU.ActiveCfg = Debug|Any CPU
		{3AB61E6F-4CA7-4E43-AC7F-691CCBA1981E}.Debug|Any CPU.Build.0 = Debug|Any CPU
		{3AB61E6F-4CA7-4E43-AC7F-691CCBA1981E}.Release|Any CPU.ActiveCfg = Release|Any CPU
		{3AB61E6F-4CA7-4E43-AC7F-691CCBA1981E}.Release|Any CPU.Build.0 = Release|Any CPU
		{6C2F5AB1-1850-4229-9CA0-AA93D4FCA9D6}.Debug|Any CPU.ActiveCfg = Debug|Any CPU
		{6C2F5AB1-1850-4229-9CA0-AA93D4FCA9D6}.Debug|Any CPU.Build.0 = Debug|Any CPU
		{6C2F5AB1-1850-4229-9CA0-AA93D4FCA9D6}.Release|Any CPU.ActiveCfg = Release|Any CPU
		{6C2F5AB1-1850-4229-9CA0-AA93D4FCA9D6}.Release|Any CPU.Build.0 = Release|Any CPU
		{4FDC84E5-266F-4D48-9B13-6FC91E9B51A7}.Debug|Any CPU.ActiveCfg = Debug|Any CPU
		{4FDC84E5-266F-4D48-9B13-6FC91E9B51A7}.Debug|Any CPU.Build.0 = Debug|Any CPU
		{4FDC84E5-266F-4D48-9B13-6FC91E9B51A7}.Release|Any CPU.ActiveCfg = Release|Any CPU
		{4FDC84E5-266F-4D48-9B13-6FC91E9B51A7}.Release|Any CPU.Build.0 = Release|Any CPU
		{9B8C6875-CAE1-464C-B02A-C48DBE3A5C02}.Debug|Any CPU.ActiveCfg = Debug|Any CPU
		{9B8C6875-CAE1-464C-B02A-C48DBE3A5C02}.Debug|Any CPU.Build.0 = Debug|Any CPU
		{9B8C6875-CAE1-464C-B02A-C48DBE3A5C02}.Release|Any CPU.ActiveCfg = Release|Any CPU
		{9B8C6875-CAE1-464C-B02A-C48DBE3A5C02}.Release|Any CPU.Build.0 = Release|Any CPU
		{0276A92A-C717-4B32-97F9-3344262717FD}.Debug|Any CPU.ActiveCfg = Debug|Any CPU
		{0276A92A-C717-4B32-97F9-3344262717FD}.Debug|Any CPU.Build.0 = Debug|Any CPU
		{0276A92A-C717-4B32-97F9-3344262717FD}.Release|Any CPU.ActiveCfg = Release|Any CPU
		{0276A92A-C717-4B32-97F9-3344262717FD}.Release|Any CPU.Build.0 = Release|Any CPU
		{13403AD5-D5E0-4E7F-ADB7-A1473458513B}.Debug|Any CPU.ActiveCfg = Debug|Any CPU
		{13403AD5-D5E0-4E7F-ADB7-A1473458513B}.Debug|Any CPU.Build.0 = Debug|Any CPU
		{13403AD5-D5E0-4E7F-ADB7-A1473458513B}.Release|Any CPU.ActiveCfg = Release|Any CPU
		{13403AD5-D5E0-4E7F-ADB7-A1473458513B}.Release|Any CPU.Build.0 = Release|Any CPU
		{713CB040-7C9F-493B-8795-0CB30B08439D}.Debug|Any CPU.ActiveCfg = Debug|Any CPU
		{713CB040-7C9F-493B-8795-0CB30B08439D}.Debug|Any CPU.Build.0 = Debug|Any CPU
		{713CB040-7C9F-493B-8795-0CB30B08439D}.Release|Any CPU.ActiveCfg = Release|Any CPU
		{713CB040-7C9F-493B-8795-0CB30B08439D}.Release|Any CPU.Build.0 = Release|Any CPU
		{7B3625D0-EBDC-4C5B-B4F5-DCD8D8605725}.Debug|Any CPU.ActiveCfg = Debug|Any CPU
		{7B3625D0-EBDC-4C5B-B4F5-DCD8D8605725}.Debug|Any CPU.Build.0 = Debug|Any CPU
		{7B3625D0-EBDC-4C5B-B4F5-DCD8D8605725}.Release|Any CPU.ActiveCfg = Release|Any CPU
		{7B3625D0-EBDC-4C5B-B4F5-DCD8D8605725}.Release|Any CPU.Build.0 = Release|Any CPU
	EndGlobalSection
	GlobalSection(SolutionProperties) = preSolution
		HideSolutionNode = FALSE
	EndGlobalSection
	GlobalSection(NestedProjects) = preSolution
		{9061330A-ABDC-4999-9B51-E7B7E19D654C} = {8F15D57B-A808-4B20-8CA0-239D91F562BA}
		{5504FC02-FA1B-46DF-B6FA-25B363E50263} = {30DFD93C-D447-4D6F-9E34-2BC967366924}
		{128BD17C-8D7A-4CDC-9D2F-8DAF9E5C99AC} = {68F343ED-2E47-4AEA-930D-445C83B08D9A}
		{8F15D57B-A808-4B20-8CA0-239D91F562BA} = {787162B5-FB72-4655-B103-969ABD7A8261}
		{68F343ED-2E47-4AEA-930D-445C83B08D9A} = {787162B5-FB72-4655-B103-969ABD7A8261}
		{30DFD93C-D447-4D6F-9E34-2BC967366924} = {787162B5-FB72-4655-B103-969ABD7A8261}
		{AD067B8D-5256-4610-980B-BBDACD70ADE2} = {8F15D57B-A808-4B20-8CA0-239D91F562BA}
		{41F326D0-0777-46D7-9315-82CD0A6296E5} = {00917FBC-A62D-4399-A2C9-2873135D9286}
		{91E0E692-92C6-4F86-8706-2F1BBDD6D289} = {787162B5-FB72-4655-B103-969ABD7A8261}
		{3573546D-C3CF-48EB-8E6D-CEF342995CA9} = {68F343ED-2E47-4AEA-930D-445C83B08D9A}
		{EA9824AA-EEEF-443E-9090-8191BF2C40E9} = {30DFD93C-D447-4D6F-9E34-2BC967366924}
		{6F8067B0-4451-43B2-AF2F-ABFE4099B89E} = {787162B5-FB72-4655-B103-969ABD7A8261}
		{35F3FF01-C104-421B-B96E-770F5D74578A} = {561458A6-0211-4BFD-B5BA-B40271E6755C}
		{5D70B486-A869-4F76-B0DB-93D112320EDC} = {B59671B9-BC93-4FD8-A252-DABB0E5BA339}
		{A83A0423-05A9-481D-BA38-4893E5828B9B} = {75F252A0-DEA4-4A18-936C-4D01492FF3A3}
		{CCF34184-51A1-4D9D-A1EE-21FAF147A4BE} = {433A4B28-9E33-414E-8C14-FA08B92786DE}
		{813BADB3-47EA-4F62-80C6-304B0F35AC9A} = {C18873E1-8471-4263-802D-EEEC8E6E17B3}
		{B9665683-81E4-49B5-A2CA-71BBC39C207F} = {5BD60A44-B2FA-497C-8B4C-8CC8E04B86EB}
		{4734D16D-D54F-457C-8AF4-5F0525808D2A} = {D2AC71A4-1F47-4A21-B0D1-C2A1AAB59D38}
		{A0C76007-2A1C-4E20-80FD-5120F91E353C} = {0567677F-F75A-4977-B05C-50FCB289D117}
		{75F252A0-DEA4-4A18-936C-4D01492FF3A3} = {6F8067B0-4451-43B2-AF2F-ABFE4099B89E}
		{561458A6-0211-4BFD-B5BA-B40271E6755C} = {6F8067B0-4451-43B2-AF2F-ABFE4099B89E}
		{B59671B9-BC93-4FD8-A252-DABB0E5BA339} = {6F8067B0-4451-43B2-AF2F-ABFE4099B89E}
		{5BD60A44-B2FA-497C-8B4C-8CC8E04B86EB} = {6F8067B0-4451-43B2-AF2F-ABFE4099B89E}
		{D2AC71A4-1F47-4A21-B0D1-C2A1AAB59D38} = {6F8067B0-4451-43B2-AF2F-ABFE4099B89E}
		{433A4B28-9E33-414E-8C14-FA08B92786DE} = {6F8067B0-4451-43B2-AF2F-ABFE4099B89E}
		{C18873E1-8471-4263-802D-EEEC8E6E17B3} = {6F8067B0-4451-43B2-AF2F-ABFE4099B89E}
		{0567677F-F75A-4977-B05C-50FCB289D117} = {6F8067B0-4451-43B2-AF2F-ABFE4099B89E}
		{F7E02D50-1929-4C56-B51A-650FF3E3BE93} = {75F252A0-DEA4-4A18-936C-4D01492FF3A3}
		{19C8CDC8-F8E9-482B-AC26-2B30EF19E728} = {561458A6-0211-4BFD-B5BA-B40271E6755C}
		{E0139933-71A6-4235-A223-91516C30262F} = {B59671B9-BC93-4FD8-A252-DABB0E5BA339}
		{A6F747D0-7850-4C35-A729-C237FE90E4CE} = {5BD60A44-B2FA-497C-8B4C-8CC8E04B86EB}
		{234A59FD-D6F1-4DB3-9DA5-FB6F0DBEC4EA} = {D2AC71A4-1F47-4A21-B0D1-C2A1AAB59D38}
		{AAA1794D-1426-48D9-A840-3D99B13CBCF6} = {433A4B28-9E33-414E-8C14-FA08B92786DE}
		{17466B92-EF99-44AC-86D0-0A6B8C3A8708} = {C18873E1-8471-4263-802D-EEEC8E6E17B3}
		{D3D89854-33A3-4C52-910F-3F250D42781A} = {0567677F-F75A-4977-B05C-50FCB289D117}
		{222DA4F3-F758-4918-A191-D45CE9794AB1} = {6F8067B0-4451-43B2-AF2F-ABFE4099B89E}
		{49D6742A-8E66-463E-8142-24314AF35BCA} = {222DA4F3-F758-4918-A191-D45CE9794AB1}
		{3AB61E6F-4CA7-4E43-AC7F-691CCBA1981E} = {222DA4F3-F758-4918-A191-D45CE9794AB1}
		{F80D9DB1-47A6-434A-930F-13066EA5562B} = {6F8067B0-4451-43B2-AF2F-ABFE4099B89E}
		{6C2F5AB1-1850-4229-9CA0-AA93D4FCA9D6} = {F80D9DB1-47A6-434A-930F-13066EA5562B}
		{4FDC84E5-266F-4D48-9B13-6FC91E9B51A7} = {F80D9DB1-47A6-434A-930F-13066EA5562B}
		{21D4714C-77BE-4EF7-8D52-F6E10D63B92E} = {6F8067B0-4451-43B2-AF2F-ABFE4099B89E}
		{9B8C6875-CAE1-464C-B02A-C48DBE3A5C02} = {21D4714C-77BE-4EF7-8D52-F6E10D63B92E}
		{0276A92A-C717-4B32-97F9-3344262717FD} = {21D4714C-77BE-4EF7-8D52-F6E10D63B92E}
		{13403AD5-D5E0-4E7F-ADB7-A1473458513B} = {00917FBC-A62D-4399-A2C9-2873135D9286}
		{713CB040-7C9F-493B-8795-0CB30B08439D} = {00917FBC-A62D-4399-A2C9-2873135D9286}
		{038DC9C5-D247-4A6B-8C1F-0C9FC1C686EB} = {787162B5-FB72-4655-B103-969ABD7A8261}
		{7B3625D0-EBDC-4C5B-B4F5-DCD8D8605725} = {038DC9C5-D247-4A6B-8C1F-0C9FC1C686EB}
	EndGlobalSection
	GlobalSection(ExtensibilityGlobals) = postSolution
		SolutionGuid = {3961EDD1-F3EE-4A37-A5E9-7E5CE258F968}
	EndGlobalSection
EndGlobal
