
Microsoft Visual Studio Solution File, Format Version 12.00
# Visual Studio Version 17
VisualStudioVersion = 17.0.31903.59
MinimumVisualStudioVersion = 10.0.40219.1
Project("{9A19103F-16F7-4668-BE54-9A1E7A4F7556}") = "Luthetus.Common.RazorLib", "Luthetus.Common\Source\Lib\Luthetus.Common.RazorLib\Luthetus.Common.RazorLib.csproj", "{AFCAA94B-1744-4948-B388-1EF6E06C93A0}"
EndProject
Project("{9A19103F-16F7-4668-BE54-9A1E7A4F7556}") = "Luthetus.Common.Tests", "Luthetus.Common\Source\Tests\Luthetus.Common.Tests\Luthetus.Common.Tests.csproj", "{3444B39A-CE7E-4306-BCBB-2A6346CAC464}"
EndProject
Project("{9A19103F-16F7-4668-BE54-9A1E7A4F7556}") = "Luthetus.Ide.ServerSide", "Luthetus.Website\Source\Host\Luthetus.Ide.ServerSide\Luthetus.Ide.ServerSide.csproj", "{9EE42B59-46D8-4578-BDFE-BFC7E6EB3898}"
EndProject
Project("{9A19103F-16F7-4668-BE54-9A1E7A4F7556}") = "Luthetus.Ide.Wasm", "Luthetus.Website\Source\Host\Luthetus.Ide.Wasm\Luthetus.Ide.Wasm.csproj", "{EBD53A07-D81D-4E97-9A15-08C189671B26}"
EndProject
Project("{9A19103F-16F7-4668-BE54-9A1E7A4F7556}") = "Luthetus.Website.RazorLib", "Luthetus.Website\Source\Lib\Luthetus.Website.RazorLib\Luthetus.Website.RazorLib.csproj", "{6888DB81-373D-43B3-B296-E04732B568C0}"
EndProject
Project("{9A19103F-16F7-4668-BE54-9A1E7A4F7556}") = "Luthetus.Ide.Photino", "Luthetus.Ide\Source\Host\Luthetus.Ide.Photino\Luthetus.Ide.Photino.csproj", "{02273922-78FA-47BD-9694-74843B3050F6}"
EndProject
Project("{9A19103F-16F7-4668-BE54-9A1E7A4F7556}") = "Photino.Blazor", "Luthetus.Ide\Source\Host\Photino.Blazor\Photino.Blazor\Photino.Blazor.csproj", "{DF6FAD32-5CB8-4BF1-9623-3FAC5EAAE48A}"
EndProject
Project("{9A19103F-16F7-4668-BE54-9A1E7A4F7556}") = "Luthetus.Ide.RazorLib", "Luthetus.Ide\Source\Lib\Luthetus.Ide.RazorLib\Luthetus.Ide.RazorLib.csproj", "{06E705DA-7605-47F2-AF77-215F94B82049}"
EndProject
Project("{9A19103F-16F7-4668-BE54-9A1E7A4F7556}") = "Luthetus.Ide.Tests", "Luthetus.Ide\Source\Tests\Luthetus.Ide.Tests\Luthetus.Ide.Tests.csproj", "{DE0C356F-7854-41B4-88B5-6AC81D618EA8}"
EndProject
Project("{2150E333-8FDC-42A3-9474-1A3956D46DE8}") = "Hosts", "Hosts", "{E8E468FF-8945-4F9D-A3EC-5EF79EA8585B}"
EndProject
Project("{9A19103F-16F7-4668-BE54-9A1E7A4F7556}") = "Luthetus.TextEditor.RazorLib", "Luthetus.TextEditor\Source\Lib\Luthetus.TextEditor.RazorLib\Luthetus.TextEditor.RazorLib.csproj", "{3B16F8D8-334B-4E50-B9F0-37FC6B58C68F}"
EndProject
Project("{9A19103F-16F7-4668-BE54-9A1E7A4F7556}") = "Luthetus.TextEditor.Tests", "Luthetus.TextEditor\Source\Tests\Luthetus.TextEditor.Tests\Luthetus.TextEditor.Tests.csproj", "{EB1A4BDC-2AEF-40CA-B6E3-4DCB0F9DDEE7}"
EndProject
Project("{9A19103F-16F7-4668-BE54-9A1E7A4F7556}") = "Luthetus.CompilerServices.Lang.C", "Luthetus.CompilerServices\Source\C\Source\Luthetus.CompilerServices.Lang.C.csproj", "{011DF92A-88E4-43EC-80CD-885E53A3F41D}"
EndProject
Project("{9A19103F-16F7-4668-BE54-9A1E7A4F7556}") = "Luthetus.CompilerServices.Lang.CSharp", "Luthetus.CompilerServices\Source\CSharp\Source\Luthetus.CompilerServices.Lang.CSharp.csproj", "{406F0AD9-C301-425B-9143-D226FC3C1571}"
EndProject
Project("{9A19103F-16F7-4668-BE54-9A1E7A4F7556}") = "Luthetus.CompilerServices.Lang.CSharpProject", "Luthetus.CompilerServices\Source\CSharpProject\Source\Luthetus.CompilerServices.Lang.CSharpProject.csproj", "{7C3E29E5-9BA8-4EDE-921B-8BCCE2B77DCC}"
EndProject
Project("{9A19103F-16F7-4668-BE54-9A1E7A4F7556}") = "Luthetus.CompilerServices.Lang.Css", "Luthetus.CompilerServices\Source\Css\Source\Luthetus.CompilerServices.Lang.Css.csproj", "{D7029680-0DBF-4297-95EA-AD9E559C0977}"
EndProject
Project("{9A19103F-16F7-4668-BE54-9A1E7A4F7556}") = "Luthetus.CompilerServices.Lang.DotNetSolution", "Luthetus.CompilerServices\Source\DotNetSolution\Source\Luthetus.CompilerServices.Lang.DotNetSolution.csproj", "{ACE6E8AE-6FE4-401D-BCBA-AB07E4D21FDE}"
EndProject
Project("{9A19103F-16F7-4668-BE54-9A1E7A4F7556}") = "Luthetus.CompilerServices.Lang.FSharp", "Luthetus.CompilerServices\Source\FSharp\Source\Luthetus.CompilerServices.Lang.FSharp.csproj", "{211D3682-8D39-4830-BDBB-FF909CF788BD}"
EndProject
Project("{9A19103F-16F7-4668-BE54-9A1E7A4F7556}") = "Luthetus.CompilerServices.Lang.JavaScript", "Luthetus.CompilerServices\Source\JavaScript\Source\Luthetus.CompilerServices.Lang.JavaScript.csproj", "{FDFA25EA-D091-4946-9776-809691A374A7}"
EndProject
Project("{9A19103F-16F7-4668-BE54-9A1E7A4F7556}") = "Luthetus.CompilerServices.Lang.Json", "Luthetus.CompilerServices\Source\Json\Source\Luthetus.CompilerServices.Lang.Json.csproj", "{A66C00B7-2B09-40F6-85D4-F4160DDDCD51}"
EndProject
Project("{9A19103F-16F7-4668-BE54-9A1E7A4F7556}") = "Luthetus.CompilerServices.Lang.Razor", "Luthetus.CompilerServices\Source\Razor\Source\Luthetus.CompilerServices.Lang.Razor.csproj", "{46254560-0E24-48F2-B512-92F16ED512B4}"
EndProject
Project("{9A19103F-16F7-4668-BE54-9A1E7A4F7556}") = "Luthetus.CompilerServices.Lang.TypeScript", "Luthetus.CompilerServices\Source\TypeScript\Source\Luthetus.CompilerServices.Lang.TypeScript.csproj", "{AF36A06C-965A-450B-A00B-5BD5F907E404}"
EndProject
Project("{9A19103F-16F7-4668-BE54-9A1E7A4F7556}") = "Luthetus.CompilerServices.Lang.Xml", "Luthetus.CompilerServices\Source\Xml\Source\Luthetus.CompilerServices.Lang.Xml.csproj", "{40D9A264-517B-4F77-BEA1-5A9DA67ABD2F}"
EndProject
Project("{2150E333-8FDC-42A3-9474-1A3956D46DE8}") = "CompilerServices", "CompilerServices", "{144E22E9-E400-4BEB-A69B-95C4C144F715}"
EndProject
Project("{9A19103F-16F7-4668-BE54-9A1E7A4F7556}") = "Luthetus.CompilerServices.Lang.C.Tests", "Luthetus.CompilerServices\Source\C\Tests\Luthetus.CompilerServices.Lang.C.Tests.csproj", "{C8E09958-8901-4014-AAAD-03DDA169C002}"
EndProject
Project("{9A19103F-16F7-4668-BE54-9A1E7A4F7556}") = "Luthetus.CompilerServices.Lang.CSharp.Tests", "Luthetus.CompilerServices\Source\CSharp\Tests\Luthetus.CompilerServices.Lang.CSharp.Tests.csproj", "{3D70677B-411B-43FE-ACAF-5234CDFE9453}"
EndProject
Project("{9A19103F-16F7-4668-BE54-9A1E7A4F7556}") = "Luthetus.CompilerServices.Lang.CSharpProject.Tests", "Luthetus.CompilerServices\Source\CSharpProject\Tests\Luthetus.CompilerServices.Lang.CSharpProject.Tests.csproj", "{A45A94AC-10A5-443D-A87B-1DF26C560A7E}"
EndProject
Project("{9A19103F-16F7-4668-BE54-9A1E7A4F7556}") = "Luthetus.CompilerServices.Lang.Css.Tests", "Luthetus.CompilerServices\Source\Css\Tests\Luthetus.CompilerServices.Lang.Css.Tests.csproj", "{358AD0CB-2F59-41E4-8795-263AFB7FA8F7}"
EndProject
Project("{9A19103F-16F7-4668-BE54-9A1E7A4F7556}") = "Luthetus.CompilerServices.Lang.DotNetSolution.Tests", "Luthetus.CompilerServices\Source\DotNetSolution\Tests\Luthetus.CompilerServices.Lang.DotNetSolution.Tests.csproj", "{8B495691-31D2-4926-812A-2E1BC6AEC171}"
EndProject
Project("{9A19103F-16F7-4668-BE54-9A1E7A4F7556}") = "Luthetus.CompilerServices.Lang.FSharp.Tests", "Luthetus.CompilerServices\Source\FSharp\Tests\Luthetus.CompilerServices.Lang.FSharp.Tests.csproj", "{F9C37B9C-1266-48C8-AAAC-8457B7AD1A96}"
EndProject
Project("{9A19103F-16F7-4668-BE54-9A1E7A4F7556}") = "Luthetus.CompilerServices.Lang.JavaScript.Tests", "Luthetus.CompilerServices\Source\JavaScript\Tests\Luthetus.CompilerServices.Lang.JavaScript.Tests.csproj", "{D4219D15-BB01-484C-914D-D1BDA95AC3EF}"
EndProject
Project("{9A19103F-16F7-4668-BE54-9A1E7A4F7556}") = "Luthetus.CompilerServices.Lang.Json.Tests", "Luthetus.CompilerServices\Source\Json\Tests\Luthetus.CompilerServices.Lang.Json.Tests.csproj", "{61741D1E-1F87-45FF-B5DD-040F2F8CFD62}"
EndProject
Project("{9A19103F-16F7-4668-BE54-9A1E7A4F7556}") = "Luthetus.CompilerServices.Lang.Razor.Tests", "Luthetus.CompilerServices\Source\Razor\Tests\Luthetus.CompilerServices.Lang.Razor.Tests.csproj", "{44EE6B9A-9268-4A6F-9436-0D0B98765F8A}"
EndProject
Project("{9A19103F-16F7-4668-BE54-9A1E7A4F7556}") = "Luthetus.CompilerServices.Lang.TypeScript.Tests", "Luthetus.CompilerServices\Source\TypeScript\Tests\Luthetus.CompilerServices.Lang.TypeScript.Tests.csproj", "{30B5587C-2B2A-4000-96F5-B3A6545C91ED}"
EndProject
Project("{9A19103F-16F7-4668-BE54-9A1E7A4F7556}") = "Luthetus.CompilerServices.Lang.Xml.Tests", "Luthetus.CompilerServices\Source\Xml\Tests\Luthetus.CompilerServices.Lang.Xml.Tests.csproj", "{F2BDF08C-CCCB-42E5-9A1D-3FF35ECD029B}"
EndProject
Project("{2150E333-8FDC-42A3-9474-1A3956D46DE8}") = "C", "C", "{F264BD40-5A22-46E9-9359-27EDCC6B432D}"
EndProject
Project("{2150E333-8FDC-42A3-9474-1A3956D46DE8}") = "CSharp", "CSharp", "{C863E488-0602-4E7C-9F3E-FCE0F197F853}"
EndProject
Project("{2150E333-8FDC-42A3-9474-1A3956D46DE8}") = "CSharpProject", "CSharpProject", "{27E2F14D-AA91-4713-AA7A-3EE05F41675D}"
EndProject
Project("{2150E333-8FDC-42A3-9474-1A3956D46DE8}") = "Css", "Css", "{F72CA08E-D8BC-4442-A114-E616ED7A2DC3}"
EndProject
Project("{2150E333-8FDC-42A3-9474-1A3956D46DE8}") = "DotNetSolution", "DotNetSolution", "{704069E4-2CB9-48D9-9B71-D42D01F754C7}"
EndProject
Project("{2150E333-8FDC-42A3-9474-1A3956D46DE8}") = "FSharp", "FSharp", "{AE6653C1-AB66-4117-A97E-969DA6069287}"
EndProject
Project("{2150E333-8FDC-42A3-9474-1A3956D46DE8}") = "JavaScript", "JavaScript", "{CED85CB0-76BF-4667-B4FC-9BE80FA57B9A}"
EndProject
Project("{2150E333-8FDC-42A3-9474-1A3956D46DE8}") = "Json", "Json", "{A3CBAF50-6908-41D8-B264-CCB34AE5534D}"
EndProject
Project("{2150E333-8FDC-42A3-9474-1A3956D46DE8}") = "Razor", "Razor", "{4A276C9E-2D43-4A70-A29A-6A29AD4179B7}"
EndProject
Project("{2150E333-8FDC-42A3-9474-1A3956D46DE8}") = "TypeScript", "TypeScript", "{A25E6939-384B-4ED3-B159-6CC5C09D8A7F}"
EndProject
Project("{2150E333-8FDC-42A3-9474-1A3956D46DE8}") = "Xml", "Xml", "{45786469-4D05-4C77-BF7C-41B5F241972A}"
EndProject
Project("{2150E333-8FDC-42A3-9474-1A3956D46DE8}") = "Common", "Common", "{0A3BC833-ACCE-4FD1-A2EB-2B7A4F031102}"
EndProject
Project("{2150E333-8FDC-42A3-9474-1A3956D46DE8}") = "Ide", "Ide", "{3E7554A0-CAB1-47DD-AE1D-9D2014D158C2}"
EndProject
Project("{2150E333-8FDC-42A3-9474-1A3956D46DE8}") = "TextEditor", "TextEditor", "{D83A1CDC-3ECD-4DAB-80AF-4387EC9DDC2F}"
EndProject
Project("{2150E333-8FDC-42A3-9474-1A3956D46DE8}") = "External", "External", "{0AEA783D-0D3E-490B-B260-557E727B95CD}"
EndProject
Project("{2150E333-8FDC-42A3-9474-1A3956D46DE8}") = "Website", "Website", "{C5B5295C-BB24-4A2C-991B-D71F9ED9CF34}"
EndProject
Global
	GlobalSection(SolutionConfigurationPlatforms) = preSolution
		Debug|Any CPU = Debug|Any CPU
		Release|Any CPU = Release|Any CPU
	EndGlobalSection
	GlobalSection(ProjectConfigurationPlatforms) = postSolution
		{AFCAA94B-1744-4948-B388-1EF6E06C93A0}.Debug|Any CPU.ActiveCfg = Debug|Any CPU
		{AFCAA94B-1744-4948-B388-1EF6E06C93A0}.Debug|Any CPU.Build.0 = Debug|Any CPU
		{AFCAA94B-1744-4948-B388-1EF6E06C93A0}.Release|Any CPU.ActiveCfg = Release|Any CPU
		{AFCAA94B-1744-4948-B388-1EF6E06C93A0}.Release|Any CPU.Build.0 = Release|Any CPU
		{3444B39A-CE7E-4306-BCBB-2A6346CAC464}.Debug|Any CPU.ActiveCfg = Debug|Any CPU
		{3444B39A-CE7E-4306-BCBB-2A6346CAC464}.Debug|Any CPU.Build.0 = Debug|Any CPU
		{3444B39A-CE7E-4306-BCBB-2A6346CAC464}.Release|Any CPU.ActiveCfg = Release|Any CPU
		{3444B39A-CE7E-4306-BCBB-2A6346CAC464}.Release|Any CPU.Build.0 = Release|Any CPU
		{9EE42B59-46D8-4578-BDFE-BFC7E6EB3898}.Debug|Any CPU.ActiveCfg = Debug|Any CPU
		{9EE42B59-46D8-4578-BDFE-BFC7E6EB3898}.Debug|Any CPU.Build.0 = Debug|Any CPU
		{9EE42B59-46D8-4578-BDFE-BFC7E6EB3898}.Release|Any CPU.ActiveCfg = Release|Any CPU
		{9EE42B59-46D8-4578-BDFE-BFC7E6EB3898}.Release|Any CPU.Build.0 = Release|Any CPU
		{EBD53A07-D81D-4E97-9A15-08C189671B26}.Debug|Any CPU.ActiveCfg = Debug|Any CPU
		{EBD53A07-D81D-4E97-9A15-08C189671B26}.Debug|Any CPU.Build.0 = Debug|Any CPU
		{EBD53A07-D81D-4E97-9A15-08C189671B26}.Release|Any CPU.ActiveCfg = Release|Any CPU
		{EBD53A07-D81D-4E97-9A15-08C189671B26}.Release|Any CPU.Build.0 = Release|Any CPU
		{6888DB81-373D-43B3-B296-E04732B568C0}.Debug|Any CPU.ActiveCfg = Debug|Any CPU
		{6888DB81-373D-43B3-B296-E04732B568C0}.Debug|Any CPU.Build.0 = Debug|Any CPU
		{6888DB81-373D-43B3-B296-E04732B568C0}.Release|Any CPU.ActiveCfg = Release|Any CPU
		{6888DB81-373D-43B3-B296-E04732B568C0}.Release|Any CPU.Build.0 = Release|Any CPU
		{02273922-78FA-47BD-9694-74843B3050F6}.Debug|Any CPU.ActiveCfg = Debug|Any CPU
		{02273922-78FA-47BD-9694-74843B3050F6}.Debug|Any CPU.Build.0 = Debug|Any CPU
		{02273922-78FA-47BD-9694-74843B3050F6}.Release|Any CPU.ActiveCfg = Release|Any CPU
		{02273922-78FA-47BD-9694-74843B3050F6}.Release|Any CPU.Build.0 = Release|Any CPU
		{DF6FAD32-5CB8-4BF1-9623-3FAC5EAAE48A}.Debug|Any CPU.ActiveCfg = Debug|Any CPU
		{DF6FAD32-5CB8-4BF1-9623-3FAC5EAAE48A}.Debug|Any CPU.Build.0 = Debug|Any CPU
		{DF6FAD32-5CB8-4BF1-9623-3FAC5EAAE48A}.Release|Any CPU.ActiveCfg = Release|Any CPU
		{DF6FAD32-5CB8-4BF1-9623-3FAC5EAAE48A}.Release|Any CPU.Build.0 = Release|Any CPU
		{06E705DA-7605-47F2-AF77-215F94B82049}.Debug|Any CPU.ActiveCfg = Debug|Any CPU
		{06E705DA-7605-47F2-AF77-215F94B82049}.Debug|Any CPU.Build.0 = Debug|Any CPU
		{06E705DA-7605-47F2-AF77-215F94B82049}.Release|Any CPU.ActiveCfg = Release|Any CPU
		{06E705DA-7605-47F2-AF77-215F94B82049}.Release|Any CPU.Build.0 = Release|Any CPU
		{DE0C356F-7854-41B4-88B5-6AC81D618EA8}.Debug|Any CPU.ActiveCfg = Debug|Any CPU
		{DE0C356F-7854-41B4-88B5-6AC81D618EA8}.Debug|Any CPU.Build.0 = Debug|Any CPU
		{DE0C356F-7854-41B4-88B5-6AC81D618EA8}.Release|Any CPU.ActiveCfg = Release|Any CPU
		{DE0C356F-7854-41B4-88B5-6AC81D618EA8}.Release|Any CPU.Build.0 = Release|Any CPU
		{3B16F8D8-334B-4E50-B9F0-37FC6B58C68F}.Debug|Any CPU.ActiveCfg = Debug|Any CPU
		{3B16F8D8-334B-4E50-B9F0-37FC6B58C68F}.Debug|Any CPU.Build.0 = Debug|Any CPU
		{3B16F8D8-334B-4E50-B9F0-37FC6B58C68F}.Release|Any CPU.ActiveCfg = Release|Any CPU
		{3B16F8D8-334B-4E50-B9F0-37FC6B58C68F}.Release|Any CPU.Build.0 = Release|Any CPU
		{EB1A4BDC-2AEF-40CA-B6E3-4DCB0F9DDEE7}.Debug|Any CPU.ActiveCfg = Debug|Any CPU
		{EB1A4BDC-2AEF-40CA-B6E3-4DCB0F9DDEE7}.Debug|Any CPU.Build.0 = Debug|Any CPU
		{EB1A4BDC-2AEF-40CA-B6E3-4DCB0F9DDEE7}.Release|Any CPU.ActiveCfg = Release|Any CPU
		{EB1A4BDC-2AEF-40CA-B6E3-4DCB0F9DDEE7}.Release|Any CPU.Build.0 = Release|Any CPU
		{011DF92A-88E4-43EC-80CD-885E53A3F41D}.Debug|Any CPU.ActiveCfg = Debug|Any CPU
		{011DF92A-88E4-43EC-80CD-885E53A3F41D}.Debug|Any CPU.Build.0 = Debug|Any CPU
		{011DF92A-88E4-43EC-80CD-885E53A3F41D}.Release|Any CPU.ActiveCfg = Release|Any CPU
		{011DF92A-88E4-43EC-80CD-885E53A3F41D}.Release|Any CPU.Build.0 = Release|Any CPU
		{406F0AD9-C301-425B-9143-D226FC3C1571}.Debug|Any CPU.ActiveCfg = Debug|Any CPU
		{406F0AD9-C301-425B-9143-D226FC3C1571}.Debug|Any CPU.Build.0 = Debug|Any CPU
		{406F0AD9-C301-425B-9143-D226FC3C1571}.Release|Any CPU.ActiveCfg = Release|Any CPU
		{406F0AD9-C301-425B-9143-D226FC3C1571}.Release|Any CPU.Build.0 = Release|Any CPU
		{7C3E29E5-9BA8-4EDE-921B-8BCCE2B77DCC}.Debug|Any CPU.ActiveCfg = Debug|Any CPU
		{7C3E29E5-9BA8-4EDE-921B-8BCCE2B77DCC}.Debug|Any CPU.Build.0 = Debug|Any CPU
		{7C3E29E5-9BA8-4EDE-921B-8BCCE2B77DCC}.Release|Any CPU.ActiveCfg = Release|Any CPU
		{7C3E29E5-9BA8-4EDE-921B-8BCCE2B77DCC}.Release|Any CPU.Build.0 = Release|Any CPU
		{D7029680-0DBF-4297-95EA-AD9E559C0977}.Debug|Any CPU.ActiveCfg = Debug|Any CPU
		{D7029680-0DBF-4297-95EA-AD9E559C0977}.Debug|Any CPU.Build.0 = Debug|Any CPU
		{D7029680-0DBF-4297-95EA-AD9E559C0977}.Release|Any CPU.ActiveCfg = Release|Any CPU
		{D7029680-0DBF-4297-95EA-AD9E559C0977}.Release|Any CPU.Build.0 = Release|Any CPU
		{ACE6E8AE-6FE4-401D-BCBA-AB07E4D21FDE}.Debug|Any CPU.ActiveCfg = Debug|Any CPU
		{ACE6E8AE-6FE4-401D-BCBA-AB07E4D21FDE}.Debug|Any CPU.Build.0 = Debug|Any CPU
		{ACE6E8AE-6FE4-401D-BCBA-AB07E4D21FDE}.Release|Any CPU.ActiveCfg = Release|Any CPU
		{ACE6E8AE-6FE4-401D-BCBA-AB07E4D21FDE}.Release|Any CPU.Build.0 = Release|Any CPU
		{211D3682-8D39-4830-BDBB-FF909CF788BD}.Debug|Any CPU.ActiveCfg = Debug|Any CPU
		{211D3682-8D39-4830-BDBB-FF909CF788BD}.Debug|Any CPU.Build.0 = Debug|Any CPU
		{211D3682-8D39-4830-BDBB-FF909CF788BD}.Release|Any CPU.ActiveCfg = Release|Any CPU
		{211D3682-8D39-4830-BDBB-FF909CF788BD}.Release|Any CPU.Build.0 = Release|Any CPU
		{FDFA25EA-D091-4946-9776-809691A374A7}.Debug|Any CPU.ActiveCfg = Debug|Any CPU
		{FDFA25EA-D091-4946-9776-809691A374A7}.Debug|Any CPU.Build.0 = Debug|Any CPU
		{FDFA25EA-D091-4946-9776-809691A374A7}.Release|Any CPU.ActiveCfg = Release|Any CPU
		{FDFA25EA-D091-4946-9776-809691A374A7}.Release|Any CPU.Build.0 = Release|Any CPU
		{A66C00B7-2B09-40F6-85D4-F4160DDDCD51}.Debug|Any CPU.ActiveCfg = Debug|Any CPU
		{A66C00B7-2B09-40F6-85D4-F4160DDDCD51}.Debug|Any CPU.Build.0 = Debug|Any CPU
		{A66C00B7-2B09-40F6-85D4-F4160DDDCD51}.Release|Any CPU.ActiveCfg = Release|Any CPU
		{A66C00B7-2B09-40F6-85D4-F4160DDDCD51}.Release|Any CPU.Build.0 = Release|Any CPU
		{46254560-0E24-48F2-B512-92F16ED512B4}.Debug|Any CPU.ActiveCfg = Debug|Any CPU
		{46254560-0E24-48F2-B512-92F16ED512B4}.Debug|Any CPU.Build.0 = Debug|Any CPU
		{46254560-0E24-48F2-B512-92F16ED512B4}.Release|Any CPU.ActiveCfg = Release|Any CPU
		{46254560-0E24-48F2-B512-92F16ED512B4}.Release|Any CPU.Build.0 = Release|Any CPU
		{AF36A06C-965A-450B-A00B-5BD5F907E404}.Debug|Any CPU.ActiveCfg = Debug|Any CPU
		{AF36A06C-965A-450B-A00B-5BD5F907E404}.Debug|Any CPU.Build.0 = Debug|Any CPU
		{AF36A06C-965A-450B-A00B-5BD5F907E404}.Release|Any CPU.ActiveCfg = Release|Any CPU
		{AF36A06C-965A-450B-A00B-5BD5F907E404}.Release|Any CPU.Build.0 = Release|Any CPU
		{40D9A264-517B-4F77-BEA1-5A9DA67ABD2F}.Debug|Any CPU.ActiveCfg = Debug|Any CPU
		{40D9A264-517B-4F77-BEA1-5A9DA67ABD2F}.Debug|Any CPU.Build.0 = Debug|Any CPU
		{40D9A264-517B-4F77-BEA1-5A9DA67ABD2F}.Release|Any CPU.ActiveCfg = Release|Any CPU
		{40D9A264-517B-4F77-BEA1-5A9DA67ABD2F}.Release|Any CPU.Build.0 = Release|Any CPU
		{C8E09958-8901-4014-AAAD-03DDA169C002}.Debug|Any CPU.ActiveCfg = Debug|Any CPU
		{C8E09958-8901-4014-AAAD-03DDA169C002}.Debug|Any CPU.Build.0 = Debug|Any CPU
		{C8E09958-8901-4014-AAAD-03DDA169C002}.Release|Any CPU.ActiveCfg = Release|Any CPU
		{C8E09958-8901-4014-AAAD-03DDA169C002}.Release|Any CPU.Build.0 = Release|Any CPU
		{3D70677B-411B-43FE-ACAF-5234CDFE9453}.Debug|Any CPU.ActiveCfg = Debug|Any CPU
		{3D70677B-411B-43FE-ACAF-5234CDFE9453}.Debug|Any CPU.Build.0 = Debug|Any CPU
		{3D70677B-411B-43FE-ACAF-5234CDFE9453}.Release|Any CPU.ActiveCfg = Release|Any CPU
		{3D70677B-411B-43FE-ACAF-5234CDFE9453}.Release|Any CPU.Build.0 = Release|Any CPU
		{A45A94AC-10A5-443D-A87B-1DF26C560A7E}.Debug|Any CPU.ActiveCfg = Debug|Any CPU
		{A45A94AC-10A5-443D-A87B-1DF26C560A7E}.Debug|Any CPU.Build.0 = Debug|Any CPU
		{A45A94AC-10A5-443D-A87B-1DF26C560A7E}.Release|Any CPU.ActiveCfg = Release|Any CPU
		{A45A94AC-10A5-443D-A87B-1DF26C560A7E}.Release|Any CPU.Build.0 = Release|Any CPU
		{358AD0CB-2F59-41E4-8795-263AFB7FA8F7}.Debug|Any CPU.ActiveCfg = Debug|Any CPU
		{358AD0CB-2F59-41E4-8795-263AFB7FA8F7}.Debug|Any CPU.Build.0 = Debug|Any CPU
		{358AD0CB-2F59-41E4-8795-263AFB7FA8F7}.Release|Any CPU.ActiveCfg = Release|Any CPU
		{358AD0CB-2F59-41E4-8795-263AFB7FA8F7}.Release|Any CPU.Build.0 = Release|Any CPU
		{8B495691-31D2-4926-812A-2E1BC6AEC171}.Debug|Any CPU.ActiveCfg = Debug|Any CPU
		{8B495691-31D2-4926-812A-2E1BC6AEC171}.Debug|Any CPU.Build.0 = Debug|Any CPU
		{8B495691-31D2-4926-812A-2E1BC6AEC171}.Release|Any CPU.ActiveCfg = Release|Any CPU
		{8B495691-31D2-4926-812A-2E1BC6AEC171}.Release|Any CPU.Build.0 = Release|Any CPU
		{F9C37B9C-1266-48C8-AAAC-8457B7AD1A96}.Debug|Any CPU.ActiveCfg = Debug|Any CPU
		{F9C37B9C-1266-48C8-AAAC-8457B7AD1A96}.Debug|Any CPU.Build.0 = Debug|Any CPU
		{F9C37B9C-1266-48C8-AAAC-8457B7AD1A96}.Release|Any CPU.ActiveCfg = Release|Any CPU
		{F9C37B9C-1266-48C8-AAAC-8457B7AD1A96}.Release|Any CPU.Build.0 = Release|Any CPU
		{D4219D15-BB01-484C-914D-D1BDA95AC3EF}.Debug|Any CPU.ActiveCfg = Debug|Any CPU
		{D4219D15-BB01-484C-914D-D1BDA95AC3EF}.Debug|Any CPU.Build.0 = Debug|Any CPU
		{D4219D15-BB01-484C-914D-D1BDA95AC3EF}.Release|Any CPU.ActiveCfg = Release|Any CPU
		{D4219D15-BB01-484C-914D-D1BDA95AC3EF}.Release|Any CPU.Build.0 = Release|Any CPU
		{61741D1E-1F87-45FF-B5DD-040F2F8CFD62}.Debug|Any CPU.ActiveCfg = Debug|Any CPU
		{61741D1E-1F87-45FF-B5DD-040F2F8CFD62}.Debug|Any CPU.Build.0 = Debug|Any CPU
		{61741D1E-1F87-45FF-B5DD-040F2F8CFD62}.Release|Any CPU.ActiveCfg = Release|Any CPU
		{61741D1E-1F87-45FF-B5DD-040F2F8CFD62}.Release|Any CPU.Build.0 = Release|Any CPU
		{44EE6B9A-9268-4A6F-9436-0D0B98765F8A}.Debug|Any CPU.ActiveCfg = Debug|Any CPU
		{44EE6B9A-9268-4A6F-9436-0D0B98765F8A}.Debug|Any CPU.Build.0 = Debug|Any CPU
		{44EE6B9A-9268-4A6F-9436-0D0B98765F8A}.Release|Any CPU.ActiveCfg = Release|Any CPU
		{44EE6B9A-9268-4A6F-9436-0D0B98765F8A}.Release|Any CPU.Build.0 = Release|Any CPU
		{30B5587C-2B2A-4000-96F5-B3A6545C91ED}.Debug|Any CPU.ActiveCfg = Debug|Any CPU
		{30B5587C-2B2A-4000-96F5-B3A6545C91ED}.Debug|Any CPU.Build.0 = Debug|Any CPU
		{30B5587C-2B2A-4000-96F5-B3A6545C91ED}.Release|Any CPU.ActiveCfg = Release|Any CPU
		{30B5587C-2B2A-4000-96F5-B3A6545C91ED}.Release|Any CPU.Build.0 = Release|Any CPU
		{F2BDF08C-CCCB-42E5-9A1D-3FF35ECD029B}.Debug|Any CPU.ActiveCfg = Debug|Any CPU
		{F2BDF08C-CCCB-42E5-9A1D-3FF35ECD029B}.Debug|Any CPU.Build.0 = Debug|Any CPU
		{F2BDF08C-CCCB-42E5-9A1D-3FF35ECD029B}.Release|Any CPU.ActiveCfg = Release|Any CPU
		{F2BDF08C-CCCB-42E5-9A1D-3FF35ECD029B}.Release|Any CPU.Build.0 = Release|Any CPU
	EndGlobalSection
	GlobalSection(SolutionProperties) = preSolution
		HideSolutionNode = FALSE
	EndGlobalSection
	GlobalSection(NestedProjects) = preSolution
		{AFCAA94B-1744-4948-B388-1EF6E06C93A0} = {0A3BC833-ACCE-4FD1-A2EB-2B7A4F031102}
		{3444B39A-CE7E-4306-BCBB-2A6346CAC464} = {0A3BC833-ACCE-4FD1-A2EB-2B7A4F031102}
		{9EE42B59-46D8-4578-BDFE-BFC7E6EB3898} = {E8E468FF-8945-4F9D-A3EC-5EF79EA8585B}
		{EBD53A07-D81D-4E97-9A15-08C189671B26} = {E8E468FF-8945-4F9D-A3EC-5EF79EA8585B}
		{6888DB81-373D-43B3-B296-E04732B568C0} = {C5B5295C-BB24-4A2C-991B-D71F9ED9CF34}
		{02273922-78FA-47BD-9694-74843B3050F6} = {E8E468FF-8945-4F9D-A3EC-5EF79EA8585B}
		{DF6FAD32-5CB8-4BF1-9623-3FAC5EAAE48A} = {0AEA783D-0D3E-490B-B260-557E727B95CD}
		{06E705DA-7605-47F2-AF77-215F94B82049} = {3E7554A0-CAB1-47DD-AE1D-9D2014D158C2}
		{DE0C356F-7854-41B4-88B5-6AC81D618EA8} = {3E7554A0-CAB1-47DD-AE1D-9D2014D158C2}
		{3B16F8D8-334B-4E50-B9F0-37FC6B58C68F} = {D83A1CDC-3ECD-4DAB-80AF-4387EC9DDC2F}
		{EB1A4BDC-2AEF-40CA-B6E3-4DCB0F9DDEE7} = {D83A1CDC-3ECD-4DAB-80AF-4387EC9DDC2F}
		{011DF92A-88E4-43EC-80CD-885E53A3F41D} = {F264BD40-5A22-46E9-9359-27EDCC6B432D}
		{406F0AD9-C301-425B-9143-D226FC3C1571} = {C863E488-0602-4E7C-9F3E-FCE0F197F853}
		{7C3E29E5-9BA8-4EDE-921B-8BCCE2B77DCC} = {27E2F14D-AA91-4713-AA7A-3EE05F41675D}
		{D7029680-0DBF-4297-95EA-AD9E559C0977} = {F72CA08E-D8BC-4442-A114-E616ED7A2DC3}
		{ACE6E8AE-6FE4-401D-BCBA-AB07E4D21FDE} = {704069E4-2CB9-48D9-9B71-D42D01F754C7}
		{211D3682-8D39-4830-BDBB-FF909CF788BD} = {AE6653C1-AB66-4117-A97E-969DA6069287}
		{FDFA25EA-D091-4946-9776-809691A374A7} = {CED85CB0-76BF-4667-B4FC-9BE80FA57B9A}
		{A66C00B7-2B09-40F6-85D4-F4160DDDCD51} = {A3CBAF50-6908-41D8-B264-CCB34AE5534D}
		{46254560-0E24-48F2-B512-92F16ED512B4} = {4A276C9E-2D43-4A70-A29A-6A29AD4179B7}
		{AF36A06C-965A-450B-A00B-5BD5F907E404} = {A25E6939-384B-4ED3-B159-6CC5C09D8A7F}
		{40D9A264-517B-4F77-BEA1-5A9DA67ABD2F} = {45786469-4D05-4C77-BF7C-41B5F241972A}
		{C8E09958-8901-4014-AAAD-03DDA169C002} = {F264BD40-5A22-46E9-9359-27EDCC6B432D}
		{3D70677B-411B-43FE-ACAF-5234CDFE9453} = {C863E488-0602-4E7C-9F3E-FCE0F197F853}
		{A45A94AC-10A5-443D-A87B-1DF26C560A7E} = {27E2F14D-AA91-4713-AA7A-3EE05F41675D}
		{358AD0CB-2F59-41E4-8795-263AFB7FA8F7} = {F72CA08E-D8BC-4442-A114-E616ED7A2DC3}
		{8B495691-31D2-4926-812A-2E1BC6AEC171} = {704069E4-2CB9-48D9-9B71-D42D01F754C7}
		{F9C37B9C-1266-48C8-AAAC-8457B7AD1A96} = {AE6653C1-AB66-4117-A97E-969DA6069287}
		{D4219D15-BB01-484C-914D-D1BDA95AC3EF} = {CED85CB0-76BF-4667-B4FC-9BE80FA57B9A}
		{61741D1E-1F87-45FF-B5DD-040F2F8CFD62} = {A3CBAF50-6908-41D8-B264-CCB34AE5534D}
		{44EE6B9A-9268-4A6F-9436-0D0B98765F8A} = {4A276C9E-2D43-4A70-A29A-6A29AD4179B7}
		{30B5587C-2B2A-4000-96F5-B3A6545C91ED} = {A25E6939-384B-4ED3-B159-6CC5C09D8A7F}
		{F2BDF08C-CCCB-42E5-9A1D-3FF35ECD029B} = {45786469-4D05-4C77-BF7C-41B5F241972A}
		{F264BD40-5A22-46E9-9359-27EDCC6B432D} = {144E22E9-E400-4BEB-A69B-95C4C144F715}
		{C863E488-0602-4E7C-9F3E-FCE0F197F853} = {144E22E9-E400-4BEB-A69B-95C4C144F715}
		{27E2F14D-AA91-4713-AA7A-3EE05F41675D} = {144E22E9-E400-4BEB-A69B-95C4C144F715}
		{F72CA08E-D8BC-4442-A114-E616ED7A2DC3} = {144E22E9-E400-4BEB-A69B-95C4C144F715}
		{704069E4-2CB9-48D9-9B71-D42D01F754C7} = {144E22E9-E400-4BEB-A69B-95C4C144F715}
		{AE6653C1-AB66-4117-A97E-969DA6069287} = {144E22E9-E400-4BEB-A69B-95C4C144F715}
		{CED85CB0-76BF-4667-B4FC-9BE80FA57B9A} = {144E22E9-E400-4BEB-A69B-95C4C144F715}
		{A3CBAF50-6908-41D8-B264-CCB34AE5534D} = {144E22E9-E400-4BEB-A69B-95C4C144F715}
		{4A276C9E-2D43-4A70-A29A-6A29AD4179B7} = {144E22E9-E400-4BEB-A69B-95C4C144F715}
		{A25E6939-384B-4ED3-B159-6CC5C09D8A7F} = {144E22E9-E400-4BEB-A69B-95C4C144F715}
		{45786469-4D05-4C77-BF7C-41B5F241972A} = {144E22E9-E400-4BEB-A69B-95C4C144F715}
	EndGlobalSection
	GlobalSection(ExtensibilityGlobals) = postSolution
		SolutionGuid = {6045BB8B-0C60-4077-93C3-16BA09C8FC27}
	EndGlobalSection
EndGlobal
